
Microsoft Visual Studio Solution File, Format Version 12.00
# Visual Studio Version 17
VisualStudioVersion = 17.13.35931.197 d17.13
MinimumVisualStudioVersion = 10.0.40219.1
Project("{FAE04EC0-301F-11D3-BF4B-00C04F79EFBC}") = "Student and LibraryCard", "Student and LibraryCard.csproj", "{ED50E88D-5EDC-4786-8E85-F27A49AEE3EE}"
EndProject
Global
	GlobalSection(SolutionConfigurationPlatforms) = preSolution
		Debug|Any CPU = Debug|Any CPU
		Release|Any CPU = Release|Any CPU
	EndGlobalSection
	GlobalSection(ProjectConfigurationPlatforms) = postSolution
		{ED50E88D-5EDC-4786-8E85-F27A49AEE3EE}.Debug|Any CPU.ActiveCfg = Debug|Any CPU
		{ED50E88D-5EDC-4786-8E85-F27A49AEE3EE}.Debug|Any CPU.Build.0 = Debug|Any CPU
		{ED50E88D-5EDC-4786-8E85-F27A49AEE3EE}.Release|Any CPU.ActiveCfg = Release|Any CPU
		{ED50E88D-5EDC-4786-8E85-F27A49AEE3EE}.Release|Any CPU.Build.0 = Release|Any CPU
	EndGlobalSection
	GlobalSection(SolutionProperties) = preSolution
		HideSolutionNode = FALSE
	EndGlobalSection
	GlobalSection(ExtensibilityGlobals) = postSolution
		SolutionGuid = {FCB1A98D-BC4F-443C-A748-B52855D017D6}
	EndGlobalSection
EndGlobal
